// !$*UTF8*$!
{
	archiveVersion = 1;
	classes = {
	};
	objectVersion = 51;
	objects = {

/* Begin PBXBuildFile section */
		11FE8908523107D1E75433BD /* Pods_MyMarket.framework in Frameworks */ = {isa = PBXBuildFile; fileRef = E826D5E5F0903111A4B5AB00 /* Pods_MyMarket.framework */; };
		8606844F264076FA00F69901 /* ProductItem.swift in Sources */ = {isa = PBXBuildFile; fileRef = 8606844E264076FA00F69901 /* ProductItem.swift */; };
		860684512640778E00F69901 /* Cart.swift in Sources */ = {isa = PBXBuildFile; fileRef = 860684502640778E00F69901 /* Cart.swift */; };
		8619668B2634CE4E00C1A139 /* TabBarVC.swift in Sources */ = {isa = PBXBuildFile; fileRef = 8619668A2634CE4E00C1A139 /* TabBarVC.swift */; };
		8619668D2634D0BE00C1A139 /* CategoriesScreen.swift in Sources */ = {isa = PBXBuildFile; fileRef = 8619668C2634D0BE00C1A139 /* CategoriesScreen.swift */; };
		8619668F2634D11C00C1A139 /* CartScreen.swift in Sources */ = {isa = PBXBuildFile; fileRef = 8619668E2634D11C00C1A139 /* CartScreen.swift */; };
		861966912634D13700C1A139 /* ProfileScreen.swift in Sources */ = {isa = PBXBuildFile; fileRef = 861966902634D13700C1A139 /* ProfileScreen.swift */; };
		861AF037263AE90100C3A1CA /* GFAvatarImageView.swift in Sources */ = {isa = PBXBuildFile; fileRef = 861AF036263AE90100C3A1CA /* GFAvatarImageView.swift */; };
		863708CE263447840032DC83 /* AppDelegate.swift in Sources */ = {isa = PBXBuildFile; fileRef = 863708CD263447840032DC83 /* AppDelegate.swift */; };
		863708D0263447840032DC83 /* SceneDelegate.swift in Sources */ = {isa = PBXBuildFile; fileRef = 863708CF263447840032DC83 /* SceneDelegate.swift */; };
		863708D7263447850032DC83 /* Assets.xcassets in Resources */ = {isa = PBXBuildFile; fileRef = 863708D6263447850032DC83 /* Assets.xcassets */; };
		863708DA263447850032DC83 /* LaunchScreen.storyboard in Resources */ = {isa = PBXBuildFile; fileRef = 863708D8263447850032DC83 /* LaunchScreen.storyboard */; };
		863708E8263448280032DC83 /* AuthScreen.swift in Sources */ = {isa = PBXBuildFile; fileRef = 863708E7263448280032DC83 /* AuthScreen.swift */; };
		867E935F26403D4B00B9F9D5 /* CartTableViewCell.swift in Sources */ = {isa = PBXBuildFile; fileRef = 867E935E26403D4B00B9F9D5 /* CartTableViewCell.swift */; };
		8688B649267229FD003ACB3A /* NetworkManager.swift in Sources */ = {isa = PBXBuildFile; fileRef = 8688B648267229FD003ACB3A /* NetworkManager.swift */; };
		86959BDA263D7B61000AD5BD /* TableViewCell.swift in Sources */ = {isa = PBXBuildFile; fileRef = 86959BD9263D7B61000AD5BD /* TableViewCell.swift */; };
		86959BDD263D7BB7000AD5BD /* TableViewCellModel.swift in Sources */ = {isa = PBXBuildFile; fileRef = 86959BDC263D7BB7000AD5BD /* TableViewCellModel.swift */; };
		86959BDF263D7BDD000AD5BD /* Product.swift in Sources */ = {isa = PBXBuildFile; fileRef = 86959BDE263D7BDD000AD5BD /* Product.swift */; };
		86959BE2263D7C39000AD5BD /* MyData.swift in Sources */ = {isa = PBXBuildFile; fileRef = 86959BE1263D7C39000AD5BD /* MyData.swift */; };
		86959BE4263DFD86000AD5BD /* DescriptionScreen.swift in Sources */ = {isa = PBXBuildFile; fileRef = 86959BE3263DFD86000AD5BD /* DescriptionScreen.swift */; };
		869CC364263C2014007D9891 /* CollectionViewCell.swift in Sources */ = {isa = PBXBuildFile; fileRef = 869CC363263C2014007D9891 /* CollectionViewCell.swift */; };
		86B74914265186E4007E90EC /* ErrorMessage.swift in Sources */ = {isa = PBXBuildFile; fileRef = 86B74913265186E4007E90EC /* ErrorMessage.swift */; };
		86E5458926344AA70050192E /* GFAlertVC.swift in Sources */ = {isa = PBXBuildFile; fileRef = 86E5458826344AA70050192E /* GFAlertVC.swift */; };
		86E5458B26344AD60050192E /* GFTitleLabel.swift in Sources */ = {isa = PBXBuildFile; fileRef = 86E5458A26344AD60050192E /* GFTitleLabel.swift */; };
		86E5458D26344AF80050192E /* GFBodyLabel.swift in Sources */ = {isa = PBXBuildFile; fileRef = 86E5458C26344AF80050192E /* GFBodyLabel.swift */; };
		86E5458F26344B210050192E /* GFSecandryTitleLabel.swift in Sources */ = {isa = PBXBuildFile; fileRef = 86E5458E26344B210050192E /* GFSecandryTitleLabel.swift */; };
		86E5459226344B8A0050192E /* GFButton.swift in Sources */ = {isa = PBXBuildFile; fileRef = 86E5459126344B8A0050192E /* GFButton.swift */; };
		86E5459526344BF70050192E /* UIViewController+Ext.swift in Sources */ = {isa = PBXBuildFile; fileRef = 86E5459426344BF70050192E /* UIViewController+Ext.swift */; };
		86E5459726344C440050192E /* Date+Ext.swift in Sources */ = {isa = PBXBuildFile; fileRef = 86E5459626344C440050192E /* Date+Ext.swift */; };
		86E5459926344C5A0050192E /* String+Ext.swift in Sources */ = {isa = PBXBuildFile; fileRef = 86E5459826344C5A0050192E /* String+Ext.swift */; };
		86E5459B26344CDA0050192E /* GFTextField.swift in Sources */ = {isa = PBXBuildFile; fileRef = 86E5459A26344CDA0050192E /* GFTextField.swift */; };
		86E5459F26346CBB0050192E /* HomeScreen.swift in Sources */ = {isa = PBXBuildFile; fileRef = 86E5459E26346CBB0050192E /* HomeScreen.swift */; };
/* End PBXBuildFile section */

/* Begin PBXFileReference section */
		2DC943D446F853B2209FE1FA /* Pods-MyMarket.release.xcconfig */ = {isa = PBXFileReference; includeInIndex = 1; lastKnownFileType = text.xcconfig; name = "Pods-MyMarket.release.xcconfig"; path = "Target Support Files/Pods-MyMarket/Pods-MyMarket.release.xcconfig"; sourceTree = "<group>"; };
		8606844E264076FA00F69901 /* ProductItem.swift */ = {isa = PBXFileReference; lastKnownFileType = sourcecode.swift; path = ProductItem.swift; sourceTree = "<group>"; };
		860684502640778E00F69901 /* Cart.swift */ = {isa = PBXFileReference; lastKnownFileType = sourcecode.swift; path = Cart.swift; sourceTree = "<group>"; };
		8619668A2634CE4E00C1A139 /* TabBarVC.swift */ = {isa = PBXFileReference; lastKnownFileType = sourcecode.swift; path = TabBarVC.swift; sourceTree = "<group>"; };
		8619668C2634D0BE00C1A139 /* CategoriesScreen.swift */ = {isa = PBXFileReference; lastKnownFileType = sourcecode.swift; path = CategoriesScreen.swift; sourceTree = "<group>"; };
		8619668E2634D11C00C1A139 /* CartScreen.swift */ = {isa = PBXFileReference; lastKnownFileType = sourcecode.swift; path = CartScreen.swift; sourceTree = "<group>"; };
		861966902634D13700C1A139 /* ProfileScreen.swift */ = {isa = PBXFileReference; lastKnownFileType = sourcecode.swift; path = ProfileScreen.swift; sourceTree = "<group>"; };
		861AF036263AE90100C3A1CA /* GFAvatarImageView.swift */ = {isa = PBXFileReference; lastKnownFileType = sourcecode.swift; path = GFAvatarImageView.swift; sourceTree = "<group>"; };
		863708CA263447840032DC83 /* MyMarket.app */ = {isa = PBXFileReference; explicitFileType = wrapper.application; includeInIndex = 0; path = MyMarket.app; sourceTree = BUILT_PRODUCTS_DIR; };
		863708CD263447840032DC83 /* AppDelegate.swift */ = {isa = PBXFileReference; lastKnownFileType = sourcecode.swift; path = AppDelegate.swift; sourceTree = "<group>"; };
		863708CF263447840032DC83 /* SceneDelegate.swift */ = {isa = PBXFileReference; lastKnownFileType = sourcecode.swift; path = SceneDelegate.swift; sourceTree = "<group>"; };
		863708D6263447850032DC83 /* Assets.xcassets */ = {isa = PBXFileReference; lastKnownFileType = folder.assetcatalog; path = Assets.xcassets; sourceTree = "<group>"; };
		863708D9263447850032DC83 /* Base */ = {isa = PBXFileReference; lastKnownFileType = file.storyboard; name = Base; path = Base.lproj/LaunchScreen.storyboard; sourceTree = "<group>"; };
		863708DB263447850032DC83 /* Info.plist */ = {isa = PBXFileReference; lastKnownFileType = text.plist.xml; path = Info.plist; sourceTree = "<group>"; };
		863708E7263448280032DC83 /* AuthScreen.swift */ = {isa = PBXFileReference; lastKnownFileType = sourcecode.swift; path = AuthScreen.swift; sourceTree = "<group>"; };
		867E935E26403D4B00B9F9D5 /* CartTableViewCell.swift */ = {isa = PBXFileReference; lastKnownFileType = sourcecode.swift; path = CartTableViewCell.swift; sourceTree = "<group>"; };
		8688B648267229FD003ACB3A /* NetworkManager.swift */ = {isa = PBXFileReference; lastKnownFileType = sourcecode.swift; path = NetworkManager.swift; sourceTree = "<group>"; };
		86959BD9263D7B61000AD5BD /* TableViewCell.swift */ = {isa = PBXFileReference; lastKnownFileType = sourcecode.swift; path = TableViewCell.swift; sourceTree = "<group>"; };
		86959BDC263D7BB7000AD5BD /* TableViewCellModel.swift */ = {isa = PBXFileReference; lastKnownFileType = sourcecode.swift; path = TableViewCellModel.swift; sourceTree = "<group>"; };
		86959BDE263D7BDD000AD5BD /* Product.swift */ = {isa = PBXFileReference; lastKnownFileType = sourcecode.swift; path = Product.swift; sourceTree = "<group>"; };
		86959BE1263D7C39000AD5BD /* MyData.swift */ = {isa = PBXFileReference; lastKnownFileType = sourcecode.swift; path = MyData.swift; sourceTree = "<group>"; };
		86959BE3263DFD86000AD5BD /* DescriptionScreen.swift */ = {isa = PBXFileReference; lastKnownFileType = sourcecode.swift; path = DescriptionScreen.swift; sourceTree = "<group>"; };
		869CC363263C2014007D9891 /* CollectionViewCell.swift */ = {isa = PBXFileReference; lastKnownFileType = sourcecode.swift; path = CollectionViewCell.swift; sourceTree = "<group>"; };
		86B74913265186E4007E90EC /* ErrorMessage.swift */ = {isa = PBXFileReference; lastKnownFileType = sourcecode.swift; path = ErrorMessage.swift; sourceTree = "<group>"; };
		86E5458826344AA70050192E /* GFAlertVC.swift */ = {isa = PBXFileReference; lastKnownFileType = sourcecode.swift; path = GFAlertVC.swift; sourceTree = "<group>"; };
		86E5458A26344AD60050192E /* GFTitleLabel.swift */ = {isa = PBXFileReference; lastKnownFileType = sourcecode.swift; path = GFTitleLabel.swift; sourceTree = "<group>"; };
		86E5458C26344AF80050192E /* GFBodyLabel.swift */ = {isa = PBXFileReference; lastKnownFileType = sourcecode.swift; path = GFBodyLabel.swift; sourceTree = "<group>"; };
		86E5458E26344B210050192E /* GFSecandryTitleLabel.swift */ = {isa = PBXFileReference; lastKnownFileType = sourcecode.swift; path = GFSecandryTitleLabel.swift; sourceTree = "<group>"; };
		86E5459126344B8A0050192E /* GFButton.swift */ = {isa = PBXFileReference; lastKnownFileType = sourcecode.swift; path = GFButton.swift; sourceTree = "<group>"; };
		86E5459426344BF70050192E /* UIViewController+Ext.swift */ = {isa = PBXFileReference; lastKnownFileType = sourcecode.swift; path = "UIViewController+Ext.swift"; sourceTree = "<group>"; };
		86E5459626344C440050192E /* Date+Ext.swift */ = {isa = PBXFileReference; lastKnownFileType = sourcecode.swift; path = "Date+Ext.swift"; sourceTree = "<group>"; };
		86E5459826344C5A0050192E /* String+Ext.swift */ = {isa = PBXFileReference; lastKnownFileType = sourcecode.swift; path = "String+Ext.swift"; sourceTree = "<group>"; };
		86E5459A26344CDA0050192E /* GFTextField.swift */ = {isa = PBXFileReference; lastKnownFileType = sourcecode.swift; path = GFTextField.swift; sourceTree = "<group>"; };
		86E5459E26346CBB0050192E /* HomeScreen.swift */ = {isa = PBXFileReference; lastKnownFileType = sourcecode.swift; path = HomeScreen.swift; sourceTree = "<group>"; };
		ACCFC3F2D8818B91A2174F0E /* Pods-MyMarket.debug.xcconfig */ = {isa = PBXFileReference; includeInIndex = 1; lastKnownFileType = text.xcconfig; name = "Pods-MyMarket.debug.xcconfig"; path = "Target Support Files/Pods-MyMarket/Pods-MyMarket.debug.xcconfig"; sourceTree = "<group>"; };
		E826D5E5F0903111A4B5AB00 /* Pods_MyMarket.framework */ = {isa = PBXFileReference; explicitFileType = wrapper.framework; includeInIndex = 0; path = Pods_MyMarket.framework; sourceTree = BUILT_PRODUCTS_DIR; };
/* End PBXFileReference section */

/* Begin PBXFrameworksBuildPhase section */
		863708C7263447840032DC83 /* Frameworks */ = {
			isa = PBXFrameworksBuildPhase;
			buildActionMask = 2147483647;
			files = (
				11FE8908523107D1E75433BD /* Pods_MyMarket.framework in Frameworks */,
			);
			runOnlyForDeploymentPostprocessing = 0;
		};
/* End PBXFrameworksBuildPhase section */

/* Begin PBXGroup section */
		700B91741BA342EE8D89B838 /* Frameworks */ = {
			isa = PBXGroup;
			children = (
				E826D5E5F0903111A4B5AB00 /* Pods_MyMarket.framework */,
			);
			name = Frameworks;
			sourceTree = "<group>";
		};
		861966862634CD7200C1A139 /* Views */ = {
			isa = PBXGroup;
			children = (
				866C9D21265142C2007BF5BE /* Cells */,
			);
			path = Views;
			sourceTree = "<group>";
		};
		861AF035263AE87300C3A1CA /* Avatars */ = {
			isa = PBXGroup;
			children = (
				861AF036263AE90100C3A1CA /* GFAvatarImageView.swift */,
			);
			path = Avatars;
			sourceTree = "<group>";
		};
		863708C1263447840032DC83 = {
			isa = PBXGroup;
			children = (
				863708CC263447840032DC83 /* MyMarket */,
				863708CB263447840032DC83 /* Products */,
				FE106E0E678E2BC57138FA45 /* Pods */,
				700B91741BA342EE8D89B838 /* Frameworks */,
			);
			sourceTree = "<group>";
		};
		863708CB263447840032DC83 /* Products */ = {
			isa = PBXGroup;
			children = (
				863708CA263447840032DC83 /* MyMarket.app */,
			);
			name = Products;
			sourceTree = "<group>";
		};
		863708CC263447840032DC83 /* MyMarket */ = {
			isa = PBXGroup;
			children = (
				86B74912265186D0007E90EC /* Utilities */,
				86E5459326344B9B0050192E /* Extentions */,
				863708E5263447DB0032DC83 /* Custom Screens */,
				863708E4263447D10032DC83 /* Managers */,
				863708E3263447CB0032DC83 /* Models */,
				863708E2263447C00032DC83 /* Screens */,
				863708E1263447A70032DC83 /* Support */,
				863708DB263447850032DC83 /* Info.plist */,
			);
			path = MyMarket;
			sourceTree = "<group>";
		};
		863708E1263447A70032DC83 /* Support */ = {
			isa = PBXGroup;
			children = (
				863708CD263447840032DC83 /* AppDelegate.swift */,
				863708CF263447840032DC83 /* SceneDelegate.swift */,
				863708D6263447850032DC83 /* Assets.xcassets */,
				863708D8263447850032DC83 /* LaunchScreen.storyboard */,
			);
			path = Support;
			sourceTree = "<group>";
		};
		863708E2263447C00032DC83 /* Screens */ = {
			isa = PBXGroup;
			children = (
				863708E7263448280032DC83 /* AuthScreen.swift */,
				86E5459E26346CBB0050192E /* HomeScreen.swift */,
				8619668C2634D0BE00C1A139 /* CategoriesScreen.swift */,
				8619668E2634D11C00C1A139 /* CartScreen.swift */,
				861966902634D13700C1A139 /* ProfileScreen.swift */,
				86959BE3263DFD86000AD5BD /* DescriptionScreen.swift */,
			);
			path = Screens;
			sourceTree = "<group>";
		};
		863708E3263447CB0032DC83 /* Models */ = {
			isa = PBXGroup;
			children = (
				86959BDC263D7BB7000AD5BD /* TableViewCellModel.swift */,
				86959BDE263D7BDD000AD5BD /* Product.swift */,
				8606844E264076FA00F69901 /* ProductItem.swift */,
				860684502640778E00F69901 /* Cart.swift */,
			);
			path = Models;
			sourceTree = "<group>";
		};
		863708E4263447D10032DC83 /* Managers */ = {
			isa = PBXGroup;
			children = (
				86959BE1263D7C39000AD5BD /* MyData.swift */,
				8688B648267229FD003ACB3A /* NetworkManager.swift */,
			);
			path = Managers;
			sourceTree = "<group>";
		};
		863708E5263447DB0032DC83 /* Custom Screens */ = {
			isa = PBXGroup;
			children = (
				861AF035263AE87300C3A1CA /* Avatars */,
				861966862634CD7200C1A139 /* Views */,
				86E5459026344B4D0050192E /* Buttons */,
				86E5458726344A320050192E /* Text Fields */,
				86E5458626344A2A0050192E /* Labels */,
				86E5458526344A1A0050192E /* View Controllers */,
			);
			path = "Custom Screens";
			sourceTree = "<group>";
		};
		866C9D21265142C2007BF5BE /* Cells */ = {
			isa = PBXGroup;
			children = (
				867E935E26403D4B00B9F9D5 /* CartTableViewCell.swift */,
				869CC363263C2014007D9891 /* CollectionViewCell.swift */,
				86959BD9263D7B61000AD5BD /* TableViewCell.swift */,
			);
			path = Cells;
			sourceTree = "<group>";
		};
		86B74912265186D0007E90EC /* Utilities */ = {
			isa = PBXGroup;
			children = (
				86B74913265186E4007E90EC /* ErrorMessage.swift */,
			);
			path = Utilities;
			sourceTree = "<group>";
		};
		86E5458526344A1A0050192E /* View Controllers */ = {
			isa = PBXGroup;
			children = (
				86E5458826344AA70050192E /* GFAlertVC.swift */,
				8619668A2634CE4E00C1A139 /* TabBarVC.swift */,
			);
			path = "View Controllers";
			sourceTree = "<group>";
		};
		86E5458626344A2A0050192E /* Labels */ = {
			isa = PBXGroup;
			children = (
				86E5458A26344AD60050192E /* GFTitleLabel.swift */,
				86E5458C26344AF80050192E /* GFBodyLabel.swift */,
				86E5458E26344B210050192E /* GFSecandryTitleLabel.swift */,
			);
			path = Labels;
			sourceTree = "<group>";
		};
		86E5458726344A320050192E /* Text Fields */ = {
			isa = PBXGroup;
			children = (
				86E5459A26344CDA0050192E /* GFTextField.swift */,
			);
			path = "Text Fields";
			sourceTree = "<group>";
		};
		86E5459026344B4D0050192E /* Buttons */ = {
			isa = PBXGroup;
			children = (
				86E5459126344B8A0050192E /* GFButton.swift */,
			);
			path = Buttons;
			sourceTree = "<group>";
		};
		86E5459326344B9B0050192E /* Extentions */ = {
			isa = PBXGroup;
			children = (
				86E5459426344BF70050192E /* UIViewController+Ext.swift */,
				86E5459626344C440050192E /* Date+Ext.swift */,
				86E5459826344C5A0050192E /* String+Ext.swift */,
			);
			path = Extentions;
			sourceTree = "<group>";
		};
		FE106E0E678E2BC57138FA45 /* Pods */ = {
			isa = PBXGroup;
			children = (
				ACCFC3F2D8818B91A2174F0E /* Pods-MyMarket.debug.xcconfig */,
				2DC943D446F853B2209FE1FA /* Pods-MyMarket.release.xcconfig */,
			);
			path = Pods;
			sourceTree = "<group>";
		};
/* End PBXGroup section */

/* Begin PBXNativeTarget section */
		863708C9263447840032DC83 /* MyMarket */ = {
			isa = PBXNativeTarget;
			buildConfigurationList = 863708DE263447850032DC83 /* Build configuration list for PBXNativeTarget "MyMarket" */;
			buildPhases = (
				B699FEB1F2BFF9885DE45271 /* [CP] Check Pods Manifest.lock */,
				863708C6263447840032DC83 /* Sources */,
				863708C7263447840032DC83 /* Frameworks */,
				863708C8263447840032DC83 /* Resources */,
				772EF1C23D0FA19AEB8628C6 /* [CP] Embed Pods Frameworks */,
			);
			buildRules = (
			);
			dependencies = (
			);
			name = MyMarket;
			productName = MyMarket;
			productReference = 863708CA263447840032DC83 /* MyMarket.app */;
			productType = "com.apple.product-type.application";
		};
/* End PBXNativeTarget section */

/* Begin PBXProject section */
		863708C2263447840032DC83 /* Project object */ = {
			isa = PBXProject;
			attributes = {
				LastSwiftUpdateCheck = 1150;
				LastUpgradeCheck = 1150;
				ORGANIZATIONNAME = "Mohamed Ghazy";
				TargetAttributes = {
					863708C9263447840032DC83 = {
						CreatedOnToolsVersion = 11.5;
					};
				};
			};
			buildConfigurationList = 863708C5263447840032DC83 /* Build configuration list for PBXProject "MyMarket" */;
			compatibilityVersion = "Xcode 9.3";
			developmentRegion = en;
			hasScannedForEncodings = 0;
			knownRegions = (
				en,
				Base,
			);
			mainGroup = 863708C1263447840032DC83;
			productRefGroup = 863708CB263447840032DC83 /* Products */;
			projectDirPath = "";
			projectRoot = "";
			targets = (
				863708C9263447840032DC83 /* MyMarket */,
			);
		};
/* End PBXProject section */

/* Begin PBXResourcesBuildPhase section */
		863708C8263447840032DC83 /* Resources */ = {
			isa = PBXResourcesBuildPhase;
			buildActionMask = 2147483647;
			files = (
				863708DA263447850032DC83 /* LaunchScreen.storyboard in Resources */,
				863708D7263447850032DC83 /* Assets.xcassets in Resources */,
			);
			runOnlyForDeploymentPostprocessing = 0;
		};
/* End PBXResourcesBuildPhase section */

/* Begin PBXShellScriptBuildPhase section */
		772EF1C23D0FA19AEB8628C6 /* [CP] Embed Pods Frameworks */ = {
			isa = PBXShellScriptBuildPhase;
			buildActionMask = 2147483647;
			files = (
			);
			inputFileListPaths = (
				"${PODS_ROOT}/Target Support Files/Pods-MyMarket/Pods-MyMarket-frameworks-${CONFIGURATION}-input-files.xcfilelist",
			);
			name = "[CP] Embed Pods Frameworks";
			outputFileListPaths = (
				"${PODS_ROOT}/Target Support Files/Pods-MyMarket/Pods-MyMarket-frameworks-${CONFIGURATION}-output-files.xcfilelist",
			);
			runOnlyForDeploymentPostprocessing = 0;
			shellPath = /bin/sh;
			shellScript = "\"${PODS_ROOT}/Target Support Files/Pods-MyMarket/Pods-MyMarket-frameworks.sh\"\n";
			showEnvVarsInLog = 0;
		};
		B699FEB1F2BFF9885DE45271 /* [CP] Check Pods Manifest.lock */ = {
			isa = PBXShellScriptBuildPhase;
			buildActionMask = 2147483647;
			files = (
			);
			inputFileListPaths = (
			);
			inputPaths = (
				"${PODS_PODFILE_DIR_PATH}/Podfile.lock",
				"${PODS_ROOT}/Manifest.lock",
			);
			name = "[CP] Check Pods Manifest.lock";
			outputFileListPaths = (
			);
			outputPaths = (
				"$(DERIVED_FILE_DIR)/Pods-MyMarket-checkManifestLockResult.txt",
			);
			runOnlyForDeploymentPostprocessing = 0;
			shellPath = /bin/sh;
			shellScript = "diff \"${PODS_PODFILE_DIR_PATH}/Podfile.lock\" \"${PODS_ROOT}/Manifest.lock\" > /dev/null\nif [ $? != 0 ] ; then\n    # print error to STDERR\n    echo \"error: The sandbox is not in sync with the Podfile.lock. Run 'pod install' or update your CocoaPods installation.\" >&2\n    exit 1\nfi\n# This output is used by Xcode 'outputs' to avoid re-running this script phase.\necho \"SUCCESS\" > \"${SCRIPT_OUTPUT_FILE_0}\"\n";
			showEnvVarsInLog = 0;
		};
/* End PBXShellScriptBuildPhase section */

/* Begin PBXSourcesBuildPhase section */
		863708C6263447840032DC83 /* Sources */ = {
			isa = PBXSourcesBuildPhase;
			buildActionMask = 2147483647;
			files = (
				8619668B2634CE4E00C1A139 /* TabBarVC.swift in Sources */,
				86E5458F26344B210050192E /* GFSecandryTitleLabel.swift in Sources */,
				861AF037263AE90100C3A1CA /* GFAvatarImageView.swift in Sources */,
				869CC364263C2014007D9891 /* CollectionViewCell.swift in Sources */,
				86E5458926344AA70050192E /* GFAlertVC.swift in Sources */,
				86E5459226344B8A0050192E /* GFButton.swift in Sources */,
				86959BE4263DFD86000AD5BD /* DescriptionScreen.swift in Sources */,
				86E5458D26344AF80050192E /* GFBodyLabel.swift in Sources */,
				8619668F2634D11C00C1A139 /* CartScreen.swift in Sources */,
				861966912634D13700C1A139 /* ProfileScreen.swift in Sources */,
				860684512640778E00F69901 /* Cart.swift in Sources */,
				863708CE263447840032DC83 /* AppDelegate.swift in Sources */,
				863708D0263447840032DC83 /* SceneDelegate.swift in Sources */,
				86959BE2263D7C39000AD5BD /* MyData.swift in Sources */,
				8688B649267229FD003ACB3A /* NetworkManager.swift in Sources */,
				86E5459F26346CBB0050192E /* HomeScreen.swift in Sources */,
				86959BDF263D7BDD000AD5BD /* Product.swift in Sources */,
				86959BDD263D7BB7000AD5BD /* TableViewCellModel.swift in Sources */,
				8619668D2634D0BE00C1A139 /* CategoriesScreen.swift in Sources */,
				867E935F26403D4B00B9F9D5 /* CartTableViewCell.swift in Sources */,
				86E5459B26344CDA0050192E /* GFTextField.swift in Sources */,
				86E5458B26344AD60050192E /* GFTitleLabel.swift in Sources */,
				863708E8263448280032DC83 /* AuthScreen.swift in Sources */,
				86E5459526344BF70050192E /* UIViewController+Ext.swift in Sources */,
				86E5459726344C440050192E /* Date+Ext.swift in Sources */,
				86E5459926344C5A0050192E /* String+Ext.swift in Sources */,
				86B74914265186E4007E90EC /* ErrorMessage.swift in Sources */,
				8606844F264076FA00F69901 /* ProductItem.swift in Sources */,
				86959BDA263D7B61000AD5BD /* TableViewCell.swift in Sources */,
			);
			runOnlyForDeploymentPostprocessing = 0;
		};
/* End PBXSourcesBuildPhase section */

/* Begin PBXVariantGroup section */
		863708D8263447850032DC83 /* LaunchScreen.storyboard */ = {
			isa = PBXVariantGroup;
			children = (
				863708D9263447850032DC83 /* Base */,
			);
			name = LaunchScreen.storyboard;
			sourceTree = "<group>";
		};
/* End PBXVariantGroup section */

/* Begin XCBuildConfiguration section */
		863708DC263447850032DC83 /* Debug */ = {
			isa = XCBuildConfiguration;
			buildSettings = {
				ALWAYS_SEARCH_USER_PATHS = NO;
				CLANG_ANALYZER_NONNULL = YES;
				CLANG_ANALYZER_NUMBER_OBJECT_CONVERSION = YES_AGGRESSIVE;
				CLANG_CXX_LANGUAGE_STANDARD = "gnu++14";
				CLANG_CXX_LIBRARY = "libc++";
				CLANG_ENABLE_MODULES = YES;
				CLANG_ENABLE_OBJC_ARC = YES;
				CLANG_ENABLE_OBJC_WEAK = YES;
				CLANG_WARN_BLOCK_CAPTURE_AUTORELEASING = YES;
				CLANG_WARN_BOOL_CONVERSION = YES;
				CLANG_WARN_COMMA = YES;
				CLANG_WARN_CONSTANT_CONVERSION = YES;
				CLANG_WARN_DEPRECATED_OBJC_IMPLEMENTATIONS = YES;
				CLANG_WARN_DIRECT_OBJC_ISA_USAGE = YES_ERROR;
				CLANG_WARN_DOCUMENTATION_COMMENTS = YES;
				CLANG_WARN_EMPTY_BODY = YES;
				CLANG_WARN_ENUM_CONVERSION = YES;
				CLANG_WARN_INFINITE_RECURSION = YES;
				CLANG_WARN_INT_CONVERSION = YES;
				CLANG_WARN_NON_LITERAL_NULL_CONVERSION = YES;
				CLANG_WARN_OBJC_IMPLICIT_RETAIN_SELF = YES;
				CLANG_WARN_OBJC_LITERAL_CONVERSION = YES;
				CLANG_WARN_OBJC_ROOT_CLASS = YES_ERROR;
				CLANG_WARN_RANGE_LOOP_ANALYSIS = YES;
				CLANG_WARN_STRICT_PROTOTYPES = YES;
				CLANG_WARN_SUSPICIOUS_MOVE = YES;
				CLANG_WARN_UNGUARDED_AVAILABILITY = YES_AGGRESSIVE;
				CLANG_WARN_UNREACHABLE_CODE = YES;
				CLANG_WARN__DUPLICATE_METHOD_MATCH = YES;
				COPY_PHASE_STRIP = NO;
				DEBUG_INFORMATION_FORMAT = dwarf;
				ENABLE_STRICT_OBJC_MSGSEND = YES;
				ENABLE_TESTABILITY = YES;
				GCC_C_LANGUAGE_STANDARD = gnu11;
				GCC_DYNAMIC_NO_PIC = NO;
				GCC_NO_COMMON_BLOCKS = YES;
				GCC_OPTIMIZATION_LEVEL = 0;
				GCC_PREPROCESSOR_DEFINITIONS = (
					"DEBUG=1",
					"$(inherited)",
				);
				GCC_WARN_64_TO_32_BIT_CONVERSION = YES;
				GCC_WARN_ABOUT_RETURN_TYPE = YES_ERROR;
				GCC_WARN_UNDECLARED_SELECTOR = YES;
				GCC_WARN_UNINITIALIZED_AUTOS = YES_AGGRESSIVE;
				GCC_WARN_UNUSED_FUNCTION = YES;
				GCC_WARN_UNUSED_VARIABLE = YES;
				IPHONEOS_DEPLOYMENT_TARGET = 13.5;
				MTL_ENABLE_DEBUG_INFO = INCLUDE_SOURCE;
				MTL_FAST_MATH = YES;
				ONLY_ACTIVE_ARCH = YES;
				SDKROOT = iphoneos;
				SWIFT_ACTIVE_COMPILATION_CONDITIONS = DEBUG;
				SWIFT_OPTIMIZATION_LEVEL = "-Onone";
			};
			name = Debug;
		};
		863708DD263447850032DC83 /* Release */ = {
			isa = XCBuildConfiguration;
			buildSettings = {
				ALWAYS_SEARCH_USER_PATHS = NO;
				CLANG_ANALYZER_NONNULL = YES;
				CLANG_ANALYZER_NUMBER_OBJECT_CONVERSION = YES_AGGRESSIVE;
				CLANG_CXX_LANGUAGE_STANDARD = "gnu++14";
				CLANG_CXX_LIBRARY = "libc++";
				CLANG_ENABLE_MODULES = YES;
				CLANG_ENABLE_OBJC_ARC = YES;
				CLANG_ENABLE_OBJC_WEAK = YES;
				CLANG_WARN_BLOCK_CAPTURE_AUTORELEASING = YES;
				CLANG_WARN_BOOL_CONVERSION = YES;
				CLANG_WARN_COMMA = YES;
				CLANG_WARN_CONSTANT_CONVERSION = YES;
				CLANG_WARN_DEPRECATED_OBJC_IMPLEMENTATIONS = YES;
				CLANG_WARN_DIRECT_OBJC_ISA_USAGE = YES_ERROR;
				CLANG_WARN_DOCUMENTATION_COMMENTS = YES;
				CLANG_WARN_EMPTY_BODY = YES;
				CLANG_WARN_ENUM_CONVERSION = YES;
				CLANG_WARN_INFINITE_RECURSION = YES;
				CLANG_WARN_INT_CONVERSION = YES;
				CLANG_WARN_NON_LITERAL_NULL_CONVERSION = YES;
				CLANG_WARN_OBJC_IMPLICIT_RETAIN_SELF = YES;
				CLANG_WARN_OBJC_LITERAL_CONVERSION = YES;
				CLANG_WARN_OBJC_ROOT_CLASS = YES_ERROR;
				CLANG_WARN_RANGE_LOOP_ANALYSIS = YES;
				CLANG_WARN_STRICT_PROTOTYPES = YES;
				CLANG_WARN_SUSPICIOUS_MOVE = YES;
				CLANG_WARN_UNGUARDED_AVAILABILITY = YES_AGGRESSIVE;
				CLANG_WARN_UNREACHABLE_CODE = YES;
				CLANG_WARN__DUPLICATE_METHOD_MATCH = YES;
				COPY_PHASE_STRIP = NO;
				DEBUG_INFORMATION_FORMAT = "dwarf-with-dsym";
				ENABLE_NS_ASSERTIONS = NO;
				ENABLE_STRICT_OBJC_MSGSEND = YES;
				GCC_C_LANGUAGE_STANDARD = gnu11;
				GCC_NO_COMMON_BLOCKS = YES;
				GCC_WARN_64_TO_32_BIT_CONVERSION = YES;
				GCC_WARN_ABOUT_RETURN_TYPE = YES_ERROR;
				GCC_WARN_UNDECLARED_SELECTOR = YES;
				GCC_WARN_UNINITIALIZED_AUTOS = YES_AGGRESSIVE;
				GCC_WARN_UNUSED_FUNCTION = YES;
				GCC_WARN_UNUSED_VARIABLE = YES;
				IPHONEOS_DEPLOYMENT_TARGET = 13.5;
				MTL_ENABLE_DEBUG_INFO = NO;
				MTL_FAST_MATH = YES;
				SDKROOT = iphoneos;
				SWIFT_COMPILATION_MODE = wholemodule;
				SWIFT_OPTIMIZATION_LEVEL = "-O";
				VALIDATE_PRODUCT = YES;
			};
			name = Release;
		};
		863708DF263447850032DC83 /* Debug */ = {
			isa = XCBuildConfiguration;
			baseConfigurationReference = ACCFC3F2D8818B91A2174F0E /* Pods-MyMarket.debug.xcconfig */;
			buildSettings = {
				ASSETCATALOG_COMPILER_APPICON_NAME = AppIcon;
				CODE_SIGN_STYLE = Automatic;
				INFOPLIST_FILE = MyMarket/Info.plist;
				LD_RUNPATH_SEARCH_PATHS = (
					"$(inherited)",
					"@executable_path/Frameworks",
				);
				PRODUCT_BUNDLE_IDENTIFIER = com.gh.MyMarket;
				PRODUCT_NAME = "$(TARGET_NAME)";
				SWIFT_VERSION = 5.0;
				TARGETED_DEVICE_FAMILY = "1,2";
			};
			name = Debug;
		};
		863708E0263447850032DC83 /* Release */ = {
			isa = XCBuildConfiguration;
			baseConfigurationReference = 2DC943D446F853B2209FE1FA /* Pods-MyMarket.release.xcconfig */;
			buildSettings = {
				ASSETCATALOG_COMPILER_APPICON_NAME = AppIcon;
				CODE_SIGN_STYLE = Automatic;
				INFOPLIST_FILE = MyMarket/Info.plist;
				LD_RUNPATH_SEARCH_PATHS = (
					"$(inherited)",
					"@executable_path/Frameworks",
				);
				PRODUCT_BUNDLE_IDENTIFIER = com.gh.MyMarket;
				PRODUCT_NAME = "$(TARGET_NAME)";
				SWIFT_VERSION = 5.0;
				TARGETED_DEVICE_FAMILY = "1,2";
			};
			name = Release;
		};
/* End XCBuildConfiguration section */

/* Begin XCConfigurationList section */
		863708C5263447840032DC83 /* Build configuration list for PBXProject "MyMarket" */ = {
			isa = XCConfigurationList;
			buildConfigurations = (
				863708DC263447850032DC83 /* Debug */,
				863708DD263447850032DC83 /* Release */,
			);
			defaultConfigurationIsVisible = 0;
			defaultConfigurationName = Release;
		};
		863708DE263447850032DC83 /* Build configuration list for PBXNativeTarget "MyMarket" */ = {
			isa = XCConfigurationList;
			buildConfigurations = (
				863708DF263447850032DC83 /* Debug */,
				863708E0263447850032DC83 /* Release */,
			);
			defaultConfigurationIsVisible = 0;
			defaultConfigurationName = Release;
		};
/* End XCConfigurationList section */
	};
	rootObject = 863708C2263447840032DC83 /* Project object */;
}
